
Microsoft Visual Studio Solution File, Format Version 12.00
# Visual Studio Version 17
VisualStudioVersion = 17.3.32922.545
MinimumVisualStudioVersion = 10.0.40219.1
Project("{8BC9CEB8-8B4A-11D0-8D11-00A0C91BC942}") = "G3-Lezama-Durand-TP", "G3-Lezama-Durand-TP\G3-Lezama-Durand-TP.vcxproj", "{74A72BC0-D0EB-4B41-A3FB-D9CAC0729651}"
EndProject
Project("{8BC9CEB8-8B4A-11D0-8D11-00A0C91BC942}") = "probar la funcion", "probar la funcion\probar la funcion.vcxproj", "{18223B4C-F832-49FD-91BE-DF8EFF44AEF3}"
EndProject
Global
	GlobalSection(SolutionConfigurationPlatforms) = preSolution
		Debug|x64 = Debug|x64
		Debug|x86 = Debug|x86
		Release|x64 = Release|x64
		Release|x86 = Release|x86
	EndGlobalSection
	GlobalSection(ProjectConfigurationPlatforms) = postSolution
		{74A72BC0-D0EB-4B41-A3FB-D9CAC0729651}.Debug|x64.ActiveCfg = Debug|x64
		{74A72BC0-D0EB-4B41-A3FB-D9CAC0729651}.Debug|x64.Build.0 = Debug|x64
		{74A72BC0-D0EB-4B41-A3FB-D9CAC0729651}.Debug|x86.ActiveCfg = Debug|Win32
		{74A72BC0-D0EB-4B41-A3FB-D9CAC0729651}.Debug|x86.Build.0 = Debug|Win32
		{74A72BC0-D0EB-4B41-A3FB-D9CAC0729651}.Release|x64.ActiveCfg = Release|x64
		{74A72BC0-D0EB-4B41-A3FB-D9CAC0729651}.Release|x64.Build.0 = Release|x64
		{74A72BC0-D0EB-4B41-A3FB-D9CAC0729651}.Release|x86.ActiveCfg = Release|Win32
		{74A72BC0-D0EB-4B41-A3FB-D9CAC0729651}.Release|x86.Build.0 = Release|Win32
		{18223B4C-F832-49FD-91BE-DF8EFF44AEF3}.Debug|x64.ActiveCfg = Debug|x64
		{18223B4C-F832-49FD-91BE-DF8EFF44AEF3}.Debug|x64.Build.0 = Debug|x64
		{18223B4C-F832-49FD-91BE-DF8EFF44AEF3}.Debug|x86.ActiveCfg = Debug|Win32
		{18223B4C-F832-49FD-91BE-DF8EFF44AEF3}.Debug|x86.Build.0 = Debug|Win32
		{18223B4C-F832-49FD-91BE-DF8EFF44AEF3}.Release|x64.ActiveCfg = Release|x64
		{18223B4C-F832-49FD-91BE-DF8EFF44AEF3}.Release|x64.Build.0 = Release|x64
		{18223B4C-F832-49FD-91BE-DF8EFF44AEF3}.Release|x86.ActiveCfg = Release|Win32
		{18223B4C-F832-49FD-91BE-DF8EFF44AEF3}.Release|x86.Build.0 = Release|Win32
	EndGlobalSection
	GlobalSection(SolutionProperties) = preSolution
		HideSolutionNode = FALSE
	EndGlobalSection
	GlobalSection(ExtensibilityGlobals) = postSolution
		SolutionGuid = {6C67DF17-DA5A-4E9F-A9EB-1F5469B0007B}
	EndGlobalSection
EndGlobal
